
Microsoft Visual Studio Solution File, Format Version 12.00
# Visual Studio Version 17
VisualStudioVersion = 17.3.32929.385
MinimumVisualStudioVersion = 10.0.40219.1
Project("{FAE04EC0-301F-11D3-BF4B-00C04F79EFBC}") = "MyWebService", "MyWebService.csproj", "{F99D6989-A4D9-4026-9AFA-DC31DE4C7C68}"
EndProject
Global
	GlobalSection(SolutionConfigurationPlatforms) = preSolution
		Debug|Any CPU = Debug|Any CPU
		Release|Any CPU = Release|Any CPU
	EndGlobalSection
	GlobalSection(ProjectConfigurationPlatforms) = postSolution
		{F99D6989-A4D9-4026-9AFA-DC31DE4C7C68}.Debug|Any CPU.ActiveCfg = Debug|Any CPU
		{F99D6989-A4D9-4026-9AFA-DC31DE4C7C68}.Debug|Any CPU.Build.0 = Debug|Any CPU
		{F99D6989-A4D9-4026-9AFA-DC31DE4C7C68}.Release|Any CPU.ActiveCfg = Release|Any CPU
		{F99D6989-A4D9-4026-9AFA-DC31DE4C7C68}.Release|Any CPU.Build.0 = Release|Any CPU
	EndGlobalSection
	GlobalSection(SolutionProperties) = preSolution
		HideSolutionNode = FALSE
	EndGlobalSection
	GlobalSection(ExtensibilityGlobals) = postSolution
		SolutionGuid = {1C7E4B05-1A1C-4EBF-88D5-4D2C55CFB1C7}
	EndGlobalSection
EndGlobal
